
Microsoft Visual Studio Solution File, Format Version 12.00
# Visual Studio 15
VisualStudioVersion = 15.0.28307.902
MinimumVisualStudioVersion = 10.0.40219.1
Project("{FAE04EC0-301F-11D3-BF4B-00C04F79EFBC}") = "TestIt", "TestIt\TestIt.csproj", "{8270B09C-63F0-4D37-9CED-1E50D51600CE}"
EndProject
Global
	GlobalSection(SolutionConfigurationPlatforms) = preSolution
		Debug|Any CPU = Debug|Any CPU
		Release|Any CPU = Release|Any CPU
	EndGlobalSection
	GlobalSection(ProjectConfigurationPlatforms) = postSolution
		{8270B09C-63F0-4D37-9CED-1E50D51600CE}.Debug|Any CPU.ActiveCfg = Debug|Any CPU
		{8270B09C-63F0-4D37-9CED-1E50D51600CE}.Debug|Any CPU.Build.0 = Debug|Any CPU
		{8270B09C-63F0-4D37-9CED-1E50D51600CE}.Release|Any CPU.ActiveCfg = Release|Any CPU
		{8270B09C-63F0-4D37-9CED-1E50D51600CE}.Release|Any CPU.Build.0 = Release|Any CPU
	EndGlobalSection
	GlobalSection(SolutionProperties) = preSolution
		HideSolutionNode = FALSE
	EndGlobalSection
	GlobalSection(ExtensibilityGlobals) = postSolution
		SolutionGuid = {6BDA7A22-1209-44D6-B51A-3124F6BE5B10}
	EndGlobalSection
EndGlobal
